
Microsoft Visual Studio Solution File, Format Version 11.00
# Visual Studio 2010
Project("{FAE04EC0-301F-11D3-BF4B-00C04F79EFBC}") = "PJDICE", "Assembly-CSharp.csproj", "{833A2F34-BC4D-F655-E9E6-681B72B68D8D}"
EndProject
Project("{FAE04EC0-301F-11D3-BF4B-00C04F79EFBC}") = "PJDICE", "Assembly-CSharp-Editor.csproj", "{3E3B588D-D617-D02D-E6FD-DA1E223767DA}"
EndProject
Global
	GlobalSection(SolutionConfigurationPlatforms) = preSolution
		Debug|Any CPU = Debug|Any CPU
		Release|Any CPU = Release|Any CPU
	EndGlobalSection
	GlobalSection(ProjectConfigurationPlatforms) = postSolution
		{833A2F34-BC4D-F655-E9E6-681B72B68D8D}.Debug|Any CPU.ActiveCfg = Debug|Any CPU
		{833A2F34-BC4D-F655-E9E6-681B72B68D8D}.Debug|Any CPU.Build.0 = Debug|Any CPU
		{833A2F34-BC4D-F655-E9E6-681B72B68D8D}.Release|Any CPU.ActiveCfg = Release|Any CPU
		{833A2F34-BC4D-F655-E9E6-681B72B68D8D}.Release|Any CPU.Build.0 = Release|Any CPU
		{3E3B588D-D617-D02D-E6FD-DA1E223767DA}.Debug|Any CPU.ActiveCfg = Debug|Any CPU
		{3E3B588D-D617-D02D-E6FD-DA1E223767DA}.Debug|Any CPU.Build.0 = Debug|Any CPU
		{3E3B588D-D617-D02D-E6FD-DA1E223767DA}.Release|Any CPU.ActiveCfg = Release|Any CPU
		{3E3B588D-D617-D02D-E6FD-DA1E223767DA}.Release|Any CPU.Build.0 = Release|Any CPU
	EndGlobalSection
	GlobalSection(SolutionProperties) = preSolution
		HideSolutionNode = FALSE
	EndGlobalSection
	GlobalSection(MonoDevelopProperties) = preSolution
		StartupItem = Assembly-CSharp.csproj
	EndGlobalSection
EndGlobal
